
Microsoft Visual Studio Solution File, Format Version 12.00
# Visual Studio Version 17
VisualStudioVersion = 17.5.33516.290
MinimumVisualStudioVersion = 10.0.40219.1
Project("{9A19103F-16F7-4668-BE54-9A1E7A4F7556}") = "GamesaveCloudLib", "GamesaveCloudLib\GamesaveCloudLib.csproj", "{4AB1630D-FEFD-05F2-204B-DF25435BD8B0}"
EndProject
Project("{9A19103F-16F7-4668-BE54-9A1E7A4F7556}") = "GamesaveCloudCLI", "GamesaveCloudCLI\GamesaveCloudCLI.csproj", "{9B2D43C9-67EF-05EB-0332-81A26D27BE66}"
EndProject
Project("{2150E333-8FDC-42A3-9474-1A3956D46DE8}") = "Solution Items", "Solution Items", "{1A191B0C-4232-4075-AC05-A9216FFA10CE}"
	ProjectSection(SolutionItems) = preProject
		README.md = README.md
	EndProjectSection
EndProject
Project("{9A19103F-16F7-4668-BE54-9A1E7A4F7556}") = "GamesaveCloudUpdater", "GamesaveCloudUpdater\GamesaveCloudUpdater.csproj", "{3FEDFE58-2789-4676-941E-B96312DAE34B}"
EndProject
Project("{9A19103F-16F7-4668-BE54-9A1E7A4F7556}") = "GamesaveCloudManager", "GamesaveCloudManager\GamesaveCloudManager.csproj", "{F2483998-D566-4DA4-AAF2-EAE97429F84C}"
	ProjectSection(ProjectDependencies) = postProject
		{4AB1630D-FEFD-05F2-204B-DF25435BD8B0} = {4AB1630D-FEFD-05F2-204B-DF25435BD8B0}
	EndProjectSection
EndProject
Global
	GlobalSection(SolutionConfigurationPlatforms) = preSolution
		Debug|Any CPU = Debug|Any CPU
		Debug|arm64 = Debug|arm64
		Debug|x64 = Debug|x64
		Debug|x86 = Debug|x86
		Release|Any CPU = Release|Any CPU
		Release|arm64 = Release|arm64
		Release|x64 = Release|x64
		Release|x86 = Release|x86
	EndGlobalSection
	GlobalSection(ProjectConfigurationPlatforms) = postSolution
		{4AB1630D-FEFD-05F2-204B-DF25435BD8B0}.Debug|Any CPU.ActiveCfg = Debug|Any CPU
		{4AB1630D-FEFD-05F2-204B-DF25435BD8B0}.Debug|Any CPU.Build.0 = Debug|Any CPU
		{4AB1630D-FEFD-05F2-204B-DF25435BD8B0}.Debug|arm64.ActiveCfg = Debug|Any CPU
		{4AB1630D-FEFD-05F2-204B-DF25435BD8B0}.Debug|arm64.Build.0 = Debug|Any CPU
		{4AB1630D-FEFD-05F2-204B-DF25435BD8B0}.Debug|x64.ActiveCfg = Debug|Any CPU
		{4AB1630D-FEFD-05F2-204B-DF25435BD8B0}.Debug|x64.Build.0 = Debug|Any CPU
		{4AB1630D-FEFD-05F2-204B-DF25435BD8B0}.Debug|x86.ActiveCfg = Debug|Any CPU
		{4AB1630D-FEFD-05F2-204B-DF25435BD8B0}.Debug|x86.Build.0 = Debug|Any CPU
		{4AB1630D-FEFD-05F2-204B-DF25435BD8B0}.Release|Any CPU.ActiveCfg = Release|Any CPU
		{4AB1630D-FEFD-05F2-204B-DF25435BD8B0}.Release|Any CPU.Build.0 = Release|Any CPU
		{4AB1630D-FEFD-05F2-204B-DF25435BD8B0}.Release|arm64.ActiveCfg = Release|Any CPU
		{4AB1630D-FEFD-05F2-204B-DF25435BD8B0}.Release|arm64.Build.0 = Release|Any CPU
		{4AB1630D-FEFD-05F2-204B-DF25435BD8B0}.Release|x64.ActiveCfg = Release|Any CPU
		{4AB1630D-FEFD-05F2-204B-DF25435BD8B0}.Release|x64.Build.0 = Release|Any CPU
		{4AB1630D-FEFD-05F2-204B-DF25435BD8B0}.Release|x86.ActiveCfg = Release|Any CPU
		{4AB1630D-FEFD-05F2-204B-DF25435BD8B0}.Release|x86.Build.0 = Release|Any CPU
		{9B2D43C9-67EF-05EB-0332-81A26D27BE66}.Debug|Any CPU.ActiveCfg = Debug|Any CPU
		{9B2D43C9-67EF-05EB-0332-81A26D27BE66}.Debug|Any CPU.Build.0 = Debug|Any CPU
		{9B2D43C9-67EF-05EB-0332-81A26D27BE66}.Debug|arm64.ActiveCfg = Debug|Any CPU
		{9B2D43C9-67EF-05EB-0332-81A26D27BE66}.Debug|arm64.Build.0 = Debug|Any CPU
		{9B2D43C9-67EF-05EB-0332-81A26D27BE66}.Debug|x64.ActiveCfg = Debug|Any CPU
		{9B2D43C9-67EF-05EB-0332-81A26D27BE66}.Debug|x64.Build.0 = Debug|Any CPU
		{9B2D43C9-67EF-05EB-0332-81A26D27BE66}.Debug|x86.ActiveCfg = Debug|Any CPU
		{9B2D43C9-67EF-05EB-0332-81A26D27BE66}.Debug|x86.Build.0 = Debug|Any CPU
		{9B2D43C9-67EF-05EB-0332-81A26D27BE66}.Release|Any CPU.ActiveCfg = Release|Any CPU
		{9B2D43C9-67EF-05EB-0332-81A26D27BE66}.Release|Any CPU.Build.0 = Release|Any CPU
		{9B2D43C9-67EF-05EB-0332-81A26D27BE66}.Release|arm64.ActiveCfg = Release|Any CPU
		{9B2D43C9-67EF-05EB-0332-81A26D27BE66}.Release|arm64.Build.0 = Release|Any CPU
		{9B2D43C9-67EF-05EB-0332-81A26D27BE66}.Release|x64.ActiveCfg = Release|Any CPU
		{9B2D43C9-67EF-05EB-0332-81A26D27BE66}.Release|x64.Build.0 = Release|Any CPU
		{9B2D43C9-67EF-05EB-0332-81A26D27BE66}.Release|x86.ActiveCfg = Release|Any CPU
		{9B2D43C9-67EF-05EB-0332-81A26D27BE66}.Release|x86.Build.0 = Release|Any CPU
		{3FEDFE58-2789-4676-941E-B96312DAE34B}.Debug|Any CPU.ActiveCfg = Debug|Any CPU
		{3FEDFE58-2789-4676-941E-B96312DAE34B}.Debug|Any CPU.Build.0 = Debug|Any CPU
		{3FEDFE58-2789-4676-941E-B96312DAE34B}.Debug|arm64.ActiveCfg = Debug|Any CPU
		{3FEDFE58-2789-4676-941E-B96312DAE34B}.Debug|arm64.Build.0 = Debug|Any CPU
		{3FEDFE58-2789-4676-941E-B96312DAE34B}.Debug|x64.ActiveCfg = Debug|Any CPU
		{3FEDFE58-2789-4676-941E-B96312DAE34B}.Debug|x64.Build.0 = Debug|Any CPU
		{3FEDFE58-2789-4676-941E-B96312DAE34B}.Debug|x86.ActiveCfg = Debug|Any CPU
		{3FEDFE58-2789-4676-941E-B96312DAE34B}.Debug|x86.Build.0 = Debug|Any CPU
		{3FEDFE58-2789-4676-941E-B96312DAE34B}.Release|Any CPU.ActiveCfg = Release|Any CPU
		{3FEDFE58-2789-4676-941E-B96312DAE34B}.Release|Any CPU.Build.0 = Release|Any CPU
		{3FEDFE58-2789-4676-941E-B96312DAE34B}.Release|arm64.ActiveCfg = Release|Any CPU
		{3FEDFE58-2789-4676-941E-B96312DAE34B}.Release|arm64.Build.0 = Release|Any CPU
		{3FEDFE58-2789-4676-941E-B96312DAE34B}.Release|x64.ActiveCfg = Release|Any CPU
		{3FEDFE58-2789-4676-941E-B96312DAE34B}.Release|x64.Build.0 = Release|Any CPU
		{3FEDFE58-2789-4676-941E-B96312DAE34B}.Release|x86.ActiveCfg = Release|Any CPU
		{3FEDFE58-2789-4676-941E-B96312DAE34B}.Release|x86.Build.0 = Release|Any CPU
		{F2483998-D566-4DA4-AAF2-EAE97429F84C}.Debug|Any CPU.ActiveCfg = Debug|Any CPU
		{F2483998-D566-4DA4-AAF2-EAE97429F84C}.Debug|Any CPU.Build.0 = Debug|Any CPU
		{F2483998-D566-4DA4-AAF2-EAE97429F84C}.Debug|arm64.ActiveCfg = Debug|Any CPU
		{F2483998-D566-4DA4-AAF2-EAE97429F84C}.Debug|arm64.Build.0 = Debug|Any CPU
		{F2483998-D566-4DA4-AAF2-EAE97429F84C}.Debug|x64.ActiveCfg = Debug|Any CPU
		{F2483998-D566-4DA4-AAF2-EAE97429F84C}.Debug|x64.Build.0 = Debug|Any CPU
		{F2483998-D566-4DA4-AAF2-EAE97429F84C}.Debug|x86.ActiveCfg = Debug|Any CPU
		{F2483998-D566-4DA4-AAF2-EAE97429F84C}.Debug|x86.Build.0 = Debug|Any CPU
		{F2483998-D566-4DA4-AAF2-EAE97429F84C}.Release|Any CPU.ActiveCfg = Release|Any CPU
		{F2483998-D566-4DA4-AAF2-EAE97429F84C}.Release|Any CPU.Build.0 = Release|Any CPU
		{F2483998-D566-4DA4-AAF2-EAE97429F84C}.Release|arm64.ActiveCfg = Release|Any CPU
		{F2483998-D566-4DA4-AAF2-EAE97429F84C}.Release|arm64.Build.0 = Release|Any CPU
		{F2483998-D566-4DA4-AAF2-EAE97429F84C}.Release|x64.ActiveCfg = Release|Any CPU
		{F2483998-D566-4DA4-AAF2-EAE97429F84C}.Release|x64.Build.0 = Release|Any CPU
		{F2483998-D566-4DA4-AAF2-EAE97429F84C}.Release|x86.ActiveCfg = Release|Any CPU
		{F2483998-D566-4DA4-AAF2-EAE97429F84C}.Release|x86.Build.0 = Release|Any CPU
	EndGlobalSection
	GlobalSection(SolutionProperties) = preSolution
		HideSolutionNode = FALSE
	EndGlobalSection
	GlobalSection(ExtensibilityGlobals) = postSolution
		SolutionGuid = {AA6B5BC4-4256-41CB-9484-6432EF09124D}
	EndGlobalSection
EndGlobal
